// !$*UTF8*$!
{
	archiveVersion = 1;
	classes = {
	};
	objectVersion = 46;
	objects = {

/* Begin PBXBuildFile section */
		6545CA0E1D5405B900A8CD87 /* AppDelegate.swift in Sources */ = {isa = PBXBuildFile; fileRef = 6545CA0D1D5405B900A8CD87 /* AppDelegate.swift */; };
		6545CA101D5405B900A8CD87 /* ViewController.swift in Sources */ = {isa = PBXBuildFile; fileRef = 6545CA0F1D5405B900A8CD87 /* ViewController.swift */; };
		6545CA131D5405B900A8CD87 /* Main.storyboard in Resources */ = {isa = PBXBuildFile; fileRef = 6545CA111D5405B900A8CD87 /* Main.storyboard */; };
		6545CA151D5405B900A8CD87 /* Assets.xcassets in Resources */ = {isa = PBXBuildFile; fileRef = 6545CA141D5405B900A8CD87 /* Assets.xcassets */; };
		6545CA181D5405B900A8CD87 /* LaunchScreen.storyboard in Resources */ = {isa = PBXBuildFile; fileRef = 6545CA161D5405B900A8CD87 /* LaunchScreen.storyboard */; };
/* End PBXBuildFile section */

/* Begin PBXFileReference section */
		6545CA0A1D5405B900A8CD87 /* Alarma.app */ = {isa = PBXFileReference; explicitFileType = wrapper.application; includeInIndex = 0; path = Alarma.app; sourceTree = BUILT_PRODUCTS_DIR; };
		6545CA0D1D5405B900A8CD87 /* AppDelegate.swift */ = {isa = PBXFileReference; lastKnownFileType = sourcecode.swift; path = AppDelegate.swift; sourceTree = "<group>"; };
		6545CA0F1D5405B900A8CD87 /* ViewController.swift */ = {isa = PBXFileReference; lastKnownFileType = sourcecode.swift; path = ViewController.swift; sourceTree = "<group>"; };
		6545CA121D5405B900A8CD87 /* Base */ = {isa = PBXFileReference; lastKnownFileType = file.storyboard; name = Base; path = Base.lproj/Main.storyboard; sourceTree = "<group>"; };
		6545CA141D5405B900A8CD87 /* Assets.xcassets */ = {isa = PBXFileReference; lastKnownFileType = folder.assetcatalog; path = Assets.xcassets; sourceTree = "<group>"; };
		6545CA171D5405B900A8CD87 /* Base */ = {isa = PBXFileReference; lastKnownFileType = file.storyboard; name = Base; path = Base.lproj/LaunchScreen.storyboard; sourceTree = "<group>"; };
		6545CA191D5405B900A8CD87 /* Info.plist */ = {isa = PBXFileReference; lastKnownFileType = text.plist.xml; path = Info.plist; sourceTree = "<group>"; };
/* End PBXFileReference section */

/* Begin PBXFrameworksBuildPhase section */
		6545CA071D5405B900A8CD87 /* Frameworks */ = {
			isa = PBXFrameworksBuildPhase;
			buildActionMask = 2147483647;
			files = (
			);
			runOnlyForDeploymentPostprocessing = 0;
		};
/* End PBXFrameworksBuildPhase section */

/* Begin PBXGroup section */
		6545CA011D5405B900A8CD87 = {
			isa = PBXGroup;
			children = (
				6545CA0C1D5405B900A8CD87 /* Alarma */,
				6545CA0B1D5405B900A8CD87 /* Products */,
			);
			sourceTree = "<group>";
		};
		6545CA0B1D5405B900A8CD87 /* Products */ = {
			isa = PBXGroup;
			children = (
				6545CA0A1D5405B900A8CD87 /* Alarma.app */,
			);
			name = Products;
			sourceTree = "<group>";
		};
		6545CA0C1D5405B900A8CD87 /* Alarma */ = {
			isa = PBXGroup;
			children = (
				6545CA0D1D5405B900A8CD87 /* AppDelegate.swift */,
				6545CA0F1D5405B900A8CD87 /* ViewController.swift */,
				6545CA111D5405B900A8CD87 /* Main.storyboard */,
				6545CA141D5405B900A8CD87 /* Assets.xcassets */,
				6545CA161D5405B900A8CD87 /* LaunchScreen.storyboard */,
				6545CA191D5405B900A8CD87 /* Info.plist */,
			);
			path = Alarma;
			sourceTree = "<group>";
		};
/* End PBXGroup section */

/* Begin PBXNativeTarget section */
		6545CA091D5405B900A8CD87 /* Alarma */ = {
			isa = PBXNativeTarget;
			buildConfigurationList = 6545CA1C1D5405B900A8CD87 /* Build configuration list for PBXNativeTarget "Alarma" */;
			buildPhases = (
				6545CA061D5405B900A8CD87 /* Sources */,
				6545CA071D5405B900A8CD87 /* Frameworks */,
				6545CA081D5405B900A8CD87 /* Resources */,
			);
			buildRules = (
			);
			dependencies = (
			);
			name = Alarma;
			productName = Alarma;
			productReference = 6545CA0A1D5405B900A8CD87 /* Alarma.app */;
			productType = "com.apple.product-type.application";
		};
/* End PBXNativeTarget section */

/* Begin PBXProject section */
		6545CA021D5405B900A8CD87 /* Project object */ = {
			isa = PBXProject;
			attributes = {
				LastSwiftUpdateCheck = 0730;
				LastUpgradeCheck = 0730;
				ORGANIZATIONNAME = "Andre Fiebig";
				TargetAttributes = {
					6545CA091D5405B900A8CD87 = {
						CreatedOnToolsVersion = 7.3.1;
					};
				};
			};
			buildConfigurationList = 6545CA051D5405B900A8CD87 /* Build configuration list for PBXProject "Alarma" */;
			compatibilityVersion = "Xcode 3.2";
			developmentRegion = English;
			hasScannedForEncodings = 0;
			knownRegions = (
				en,
				Base,
			);
			mainGroup = 6545CA011D5405B900A8CD87;
			productRefGroup = 6545CA0B1D5405B900A8CD87 /* Products */;
			projectDirPath = "";
			projectRoot = "";
			targets = (
				6545CA091D5405B900A8CD87 /* Alarma */,
			);
		};
/* End PBXProject section */

/* Begin PBXResourcesBuildPhase section */
		6545CA081D5405B900A8CD87 /* Resources */ = {
			isa = PBXResourcesBuildPhase;
			buildActionMask = 2147483647;
			files = (
				6545CA181D5405B900A8CD87 /* LaunchScreen.storyboard in Resources */,
				6545CA151D5405B900A8CD87 /* Assets.xcassets in Resources */,
				6545CA131D5405B900A8CD87 /* Main.storyboard in Resources */,
			);
			runOnlyForDeploymentPostprocessing = 0;
		};
/* End PBXResourcesBuildPhase section */

/* Begin PBXSourcesBuildPhase section */
		6545CA061D5405B900A8CD87 /* Sources */ = {
			isa = PBXSourcesBuildPhase;
			buildActionMask = 2147483647;
			files = (
				6545CA101D5405B900A8CD87 /* ViewController.swift in Sources */,
				6545CA0E1D5405B900A8CD87 /* AppDelegate.swift in Sources */,
			);
			runOnlyForDeploymentPostprocessing = 0;
		};
/* End PBXSourcesBuildPhase section */

/* Begin PBXVariantGroup section */
		6545CA111D5405B900A8CD87 /* Main.storyboard */ = {
			isa = PBXVariantGroup;
			children = (
				6545CA121D5405B900A8CD87 /* Base */,
			);
			name = Main.storyboard;
			sourceTree = "<group>";
		};
		6545CA161D5405B900A8CD87 /* LaunchScreen.storyboard */ = {
			isa = PBXVariantGroup;
			children = (
				6545CA171D5405B900A8CD87 /* Base */,
			);
			name = LaunchScreen.storyboard;
			sourceTree = "<group>";
		};
/* End PBXVariantGroup section */

/* Begin XCBuildConfiguration section */
		6545CA1A1D5405B900A8CD87 /* Debug */ = {
			isa = XCBuildConfiguration;
			buildSettings = {
				ALWAYS_SEARCH_USER_PATHS = NO;
				CLANG_ANALYZER_NONNULL = YES;
				CLANG_CXX_LANGUAGE_STANDARD = "gnu++0x";
				CLANG_CXX_LIBRARY = "libc++";
				CLANG_ENABLE_MODULES = YES;
				CLANG_ENABLE_OBJC_ARC = YES;
				CLANG_WARN_BOOL_CONVERSION = YES;
				CLANG_WARN_CONSTANT_CONVERSION = YES;
				CLANG_WARN_DIRECT_OBJC_ISA_USAGE = YES_ERROR;
				CLANG_WARN_EMPTY_BODY = YES;
				CLANG_WARN_ENUM_CONVERSION = YES;
				CLANG_WARN_INT_CONVERSION = YES;
				CLANG_WARN_OBJC_ROOT_CLASS = YES_ERROR;
				CLANG_WARN_UNREACHABLE_CODE = YES;
				CLANG_WARN__DUPLICATE_METHOD_MATCH = YES;
				"CODE_SIGN_IDENTITY[sdk=iphoneos*]" = "iPhone Developer";
				COPY_PHASE_STRIP = NO;
				DEBUG_INFORMATION_FORMAT = dwarf;
				ENABLE_STRICT_OBJC_MSGSEND = YES;
				ENABLE_TESTABILITY = YES;
				GCC_C_LANGUAGE_STANDARD = gnu99;
				GCC_DYNAMIC_NO_PIC = NO;
				GCC_NO_COMMON_BLOCKS = YES;
				GCC_OPTIMIZATION_LEVEL = 0;
				GCC_PREPROCESSOR_DEFINITIONS = (
					"DEBUG=1",
					"$(inherited)",
				);
				GCC_WARN_64_TO_32_BIT_CONVERSION = YES;
				GCC_WARN_ABOUT_RETURN_TYPE = YES_ERROR;
				GCC_WARN_UNDECLARED_SELECTOR = YES;
				GCC_WARN_UNINITIALIZED_AUTOS = YES_AGGRESSIVE;
				GCC_WARN_UNUSED_FUNCTION = YES;
				GCC_WARN_UNUSED_VARIABLE = YES;
				IPHONEOS_DEPLOYMENT_TARGET = 9.3;
				MTL_ENABLE_DEBUG_INFO = YES;
				ONLY_ACTIVE_ARCH = YES;
				SDKROOT = iphoneos;
				SWIFT_OPTIMIZATION_LEVEL = "-Onone";
			};
			name = Debug;
		};
		6545CA1B1D5405B900A8CD87 /* Release */ = {
			isa = XCBuildConfiguration;
			buildSettings = {
				ALWAYS_SEARCH_USER_PATHS = NO;
				CLANG_ANALYZER_NONNULL = YES;
				CLANG_CXX_LANGUAGE_STANDARD = "gnu++0x";
				CLANG_CXX_LIBRARY = "libc++";
				CLANG_ENABLE_MODULES = YES;
				CLANG_ENABLE_OBJC_ARC = YES;
				CLANG_WARN_BOOL_CONVERSION = YES;
				CLANG_WARN_CONSTANT_CONVERSION = YES;
				CLANG_WARN_DIRECT_OBJC_ISA_USAGE = YES_ERROR;
				CLANG_WARN_EMPTY_BODY = YES;
				CLANG_WARN_ENUM_CONVERSION = YES;
				CLANG_WARN_INT_CONVERSION = YES;
				CLANG_WARN_OBJC_ROOT_CLASS = YES_ERROR;
				CLANG_WARN_UNREACHABLE_CODE = YES;
				CLANG_WARN__DUPLICATE_METHOD_MATCH = YES;
				"CODE_SIGN_IDENTITY[sdk=iphoneos*]" = "iPhone Developer";
				COPY_PHASE_STRIP = NO;
				DEBUG_INFORMATION_FORMAT = "dwarf-with-dsym";
				ENABLE_NS_ASSERTIONS = NO;
				ENABLE_STRICT_OBJC_MSGSEND = YES;
				GCC_C_LANGUAGE_STANDARD = gnu99;
				GCC_NO_COMMON_BLOCKS = YES;
				GCC_WARN_64_TO_32_BIT_CONVERSION = YES;
				GCC_WARN_ABOUT_RETURN_TYPE = YES_ERROR;
				GCC_WARN_UNDECLARED_SELECTOR = YES;
				GCC_WARN_UNINITIALIZED_AUTOS = YES_AGGRESSIVE;
				GCC_WARN_UNUSED_FUNCTION = YES;
				GCC_WARN_UNUSED_VARIABLE = YES;
				IPHONEOS_DEPLOYMENT_TARGET = 9.3;
				MTL_ENABLE_DEBUG_INFO = NO;
				SDKROOT = iphoneos;
				VALIDATE_PRODUCT = YES;
			};
			name = Release;
		};
		6545CA1D1D5405B900A8CD87 /* Debug */ = {
			isa = XCBuildConfiguration;
			buildSettings = {
				ASSETCATALOG_COMPILER_APPICON_NAME = AppIcon;
				INFOPLIST_FILE = Alarma/Info.plist;
				LD_RUNPATH_SEARCH_PATHS = "$(inherited) @executable_path/Frameworks";
				PRODUCT_BUNDLE_IDENTIFIER = "de.a-fiebig-net.Alarma";
				PRODUCT_NAME = "$(TARGET_NAME)";
			};
			name = Debug;
		};
		6545CA1E1D5405B900A8CD87 /* Release */ = {
			isa = XCBuildConfiguration;
			buildSettings = {
				ASSETCATALOG_COMPILER_APPICON_NAME = AppIcon;
				INFOPLIST_FILE = Alarma/Info.plist;
				LD_RUNPATH_SEARCH_PATHS = "$(inherited) @executable_path/Frameworks";
				PRODUCT_BUNDLE_IDENTIFIER = "de.a-fiebig-net.Alarma";
				PRODUCT_NAME = "$(TARGET_NAME)";
			};
			name = Release;
		};
/* End XCBuildConfiguration section */

/* Begin XCConfigurationList section */
		6545CA051D5405B900A8CD87 /* Build configuration list for PBXProject "Alarma" */ = {
			isa = XCConfigurationList;
			buildConfigurations = (
				6545CA1A1D5405B900A8CD87 /* Debug */,
				6545CA1B1D5405B900A8CD87 /* Release */,
			);
			defaultConfigurationIsVisible = 0;
			defaultConfigurationName = Release;
		};
		6545CA1C1D5405B900A8CD87 /* Build configuration list for PBXNativeTarget "Alarma" */ = {
			isa = XCConfigurationList;
			buildConfigurations = (
				6545CA1D1D5405B900A8CD87 /* Debug */,
				6545CA1E1D5405B900A8CD87 /* Release */,
			);
			defaultConfigurationIsVisible = 0;
		};
/* End XCConfigurationList section */
	};
	rootObject = 6545CA021D5405B900A8CD87 /* Project object */;
}
